github.com/gorilla/mux v1.8.1 h1:TuBL49tXwgrFYWhqrNgrUNEY92u81SPhu7sTdzQEiWY=
github.com/gorilla/mux v1.8.1/go.mod h1:AKf9I4AEqPTmMytcMc0KkNouC66V3BtZ4qD5fmWSiMQ=
github.com/lafikl/consistent v0.0.0-20220512074542-bdd3606bfc3e h1:DuhzIzxOx3aJ0j4enY7SQ9bvulrT/XjkGAqiychfavc=
github.com/lafikl/consistent v0.0.0-20220512074542-bdd3606bfc3e/go.mod h1:JmowInJuqa6EpSut8NSMAZtlvK9uL+8Q1P7tyew5rQY=
github.com/minio/blake2b-simd v0.0.0-20160723061019-3f5f724cb5b1 h1:lYpkrQH5ajf0OXOcUbGjvZxxijuBwbbmlSxLiuofa+g=
github.com/minio/blake2b-simd v0.0.0-20160723061019-3f5f724cb5b1/go.mod h1:pD8RvIylQ358TN4wwqatJ8rNavkEINozVn9DtGI3dfQ=
github.com/starwander/GoFibonacciHeap v0.0.0-20190508061137-ba2e4f01000a h1:HxQEVn2dC2DyalPmsBVsTRsB05UpBmbgZV2a939iEwE=
github.com/starwander/GoFibonacciHeap v0.0.0-20190508061137-ba2e4f01000a/go.mod h1:0UZshEHv45sVxpYdRE55cbIVuvbXD3+liaXyrgm1Mr4=
gopkg.in/check.v1 v0.0.0-20161208181325-20d25e280405/go.mod h1:Co6ibVJAznAaIkqp8huTwlJQCZ016jof/cbN4VW5Yz0=
gopkg.in/yaml.v3 v3.0.1 h1:fxVm/GzAzEWqLHuvctI91KS9hhNmmWOoWu0XTYJS7CA=
gopkg.in/yaml.v3 v3.0.1/go.mod h1:K4uyk7z7BCEPqu6E+C64Yfv1cQ7kz7rIZviUmN+EgEM=
